// !$*UTF8*$!
{
	archiveVersion = 1;
	classes = {
	};
	objectVersion = 46;
	objects = {

/* Begin PBXBuildFile section */
		562543081D4CF71C00C521A2 /* launchscreen.storyboard in Resources */ = {isa = PBXBuildFile; fileRef = 562543071D4CF71C00C521A2 /* launchscreen.storyboard */; };
		569E28EB1D4102D800A3A322 /* AppDelegate.swift in Sources */ = {isa = PBXBuildFile; fileRef = 569E28EA1D4102D800A3A322 /* AppDelegate.swift */; };
		569E28ED1D4102D800A3A322 /* ViewController.swift in Sources */ = {isa = PBXBuildFile; fileRef = 569E28EC1D4102D800A3A322 /* ViewController.swift */; };
		569E28F01D4102D800A3A322 /* Main.storyboard in Resources */ = {isa = PBXBuildFile; fileRef = 569E28EE1D4102D800A3A322 /* Main.storyboard */; };
		569E28F21D4102D800A3A322 /* Assets.xcassets in Resources */ = {isa = PBXBuildFile; fileRef = 569E28F11D4102D800A3A322 /* Assets.xcassets */; };
		569E28FD1D42155000A3A322 /* CalculationDetailTableViewController.swift in Sources */ = {isa = PBXBuildFile; fileRef = 569E28FC1D42155000A3A322 /* CalculationDetailTableViewController.swift */; };
		569E28FF1D421DDC00A3A322 /* Calculation.swift in Sources */ = {isa = PBXBuildFile; fileRef = 569E28FE1D421DDC00A3A322 /* Calculation.swift */; };
		569E29011D423A6700A3A322 /* CalculationTableViewCell.swift in Sources */ = {isa = PBXBuildFile; fileRef = 569E29001D423A6700A3A322 /* CalculationTableViewCell.swift */; };
		569E29031D4247A600A3A322 /* CalculationTableViewController.swift in Sources */ = {isa = PBXBuildFile; fileRef = 569E29021D4247A600A3A322 /* CalculationTableViewController.swift */; };
/* End PBXBuildFile section */

/* Begin PBXFileReference section */
		562543071D4CF71C00C521A2 /* launchscreen.storyboard */ = {isa = PBXFileReference; fileEncoding = 4; lastKnownFileType = file.storyboard; name = launchscreen.storyboard; path = casacalc/launchscreen.storyboard; sourceTree = "<group>"; };
		569E28E71D4102D800A3A322 /* casacalc.app */ = {isa = PBXFileReference; explicitFileType = wrapper.application; includeInIndex = 0; path = casacalc.app; sourceTree = BUILT_PRODUCTS_DIR; };
		569E28EA1D4102D800A3A322 /* AppDelegate.swift */ = {isa = PBXFileReference; lastKnownFileType = sourcecode.swift; path = AppDelegate.swift; sourceTree = "<group>"; };
		569E28EC1D4102D800A3A322 /* ViewController.swift */ = {isa = PBXFileReference; lastKnownFileType = sourcecode.swift; path = ViewController.swift; sourceTree = "<group>"; };
		569E28EF1D4102D800A3A322 /* Base */ = {isa = PBXFileReference; lastKnownFileType = file.storyboard; name = Base; path = Base.lproj/Main.storyboard; sourceTree = "<group>"; };
		569E28F11D4102D800A3A322 /* Assets.xcassets */ = {isa = PBXFileReference; lastKnownFileType = folder.assetcatalog; path = Assets.xcassets; sourceTree = "<group>"; };
		569E28F61D4102D800A3A322 /* Info.plist */ = {isa = PBXFileReference; lastKnownFileType = text.plist.xml; path = Info.plist; sourceTree = "<group>"; };
		569E28FC1D42155000A3A322 /* CalculationDetailTableViewController.swift */ = {isa = PBXFileReference; fileEncoding = 4; lastKnownFileType = sourcecode.swift; path = CalculationDetailTableViewController.swift; sourceTree = "<group>"; };
		569E28FE1D421DDC00A3A322 /* Calculation.swift */ = {isa = PBXFileReference; fileEncoding = 4; lastKnownFileType = sourcecode.swift; path = Calculation.swift; sourceTree = "<group>"; };
		569E29001D423A6700A3A322 /* CalculationTableViewCell.swift */ = {isa = PBXFileReference; fileEncoding = 4; lastKnownFileType = sourcecode.swift; path = CalculationTableViewCell.swift; sourceTree = "<group>"; };
		569E29021D4247A600A3A322 /* CalculationTableViewController.swift */ = {isa = PBXFileReference; fileEncoding = 4; lastKnownFileType = sourcecode.swift; path = CalculationTableViewController.swift; sourceTree = "<group>"; };
/* End PBXFileReference section */

/* Begin PBXFrameworksBuildPhase section */
		569E28E41D4102D800A3A322 /* Frameworks */ = {
			isa = PBXFrameworksBuildPhase;
			buildActionMask = 2147483647;
			files = (
			);
			runOnlyForDeploymentPostprocessing = 0;
		};
/* End PBXFrameworksBuildPhase section */

/* Begin PBXGroup section */
		569E28DE1D4102D800A3A322 = {
			isa = PBXGroup;
			children = (
				562543071D4CF71C00C521A2 /* launchscreen.storyboard */,
				569E28E91D4102D800A3A322 /* casacalc */,
				569E28E81D4102D800A3A322 /* Products */,
			);
			sourceTree = "<group>";
		};
		569E28E81D4102D800A3A322 /* Products */ = {
			isa = PBXGroup;
			children = (
				569E28E71D4102D800A3A322 /* casacalc.app */,
			);
			name = Products;
			sourceTree = "<group>";
		};
		569E28E91D4102D800A3A322 /* casacalc */ = {
			isa = PBXGroup;
			children = (
				569E28EA1D4102D800A3A322 /* AppDelegate.swift */,
				569E28EC1D4102D800A3A322 /* ViewController.swift */,
				569E28EE1D4102D800A3A322 /* Main.storyboard */,
				569E29021D4247A600A3A322 /* CalculationTableViewController.swift */,
				569E29001D423A6700A3A322 /* CalculationTableViewCell.swift */,
				569E28FE1D421DDC00A3A322 /* Calculation.swift */,
				569E28FC1D42155000A3A322 /* CalculationDetailTableViewController.swift */,
				569E28F11D4102D800A3A322 /* Assets.xcassets */,
				569E28F61D4102D800A3A322 /* Info.plist */,
			);
			path = casacalc;
			sourceTree = "<group>";
		};
/* End PBXGroup section */

/* Begin PBXNativeTarget section */
		569E28E61D4102D800A3A322 /* casacalc */ = {
			isa = PBXNativeTarget;
			buildConfigurationList = 569E28F91D4102D800A3A322 /* Build configuration list for PBXNativeTarget "casacalc" */;
			buildPhases = (
				569E28E31D4102D800A3A322 /* Sources */,
				569E28E41D4102D800A3A322 /* Frameworks */,
				569E28E51D4102D800A3A322 /* Resources */,
			);
			buildRules = (
			);
			dependencies = (
			);
			name = casacalc;
			productName = casacalc;
			productReference = 569E28E71D4102D800A3A322 /* casacalc.app */;
			productType = "com.apple.product-type.application";
		};
/* End PBXNativeTarget section */

/* Begin PBXProject section */
		569E28DF1D4102D800A3A322 /* Project object */ = {
			isa = PBXProject;
			attributes = {
				LastSwiftUpdateCheck = 0730;
				LastUpgradeCheck = 0730;
				ORGANIZATIONNAME = Charles;
				TargetAttributes = {
					569E28E61D4102D800A3A322 = {
						CreatedOnToolsVersion = 7.3.1;
						DevelopmentTeam = 9H77SGX423;
					};
				};
			};
			buildConfigurationList = 569E28E21D4102D800A3A322 /* Build configuration list for PBXProject "casacalc" */;
			compatibilityVersion = "Xcode 3.2";
			developmentRegion = English;
			hasScannedForEncodings = 0;
			knownRegions = (
				en,
				Base,
			);
			mainGroup = 569E28DE1D4102D800A3A322;
			productRefGroup = 569E28E81D4102D800A3A322 /* Products */;
			projectDirPath = "";
			projectRoot = "";
			targets = (
				569E28E61D4102D800A3A322 /* casacalc */,
			);
		};
/* End PBXProject section */

/* Begin PBXResourcesBuildPhase section */
		569E28E51D4102D800A3A322 /* Resources */ = {
			isa = PBXResourcesBuildPhase;
			buildActionMask = 2147483647;
			files = (
				562543081D4CF71C00C521A2 /* launchscreen.storyboard in Resources */,
				569E28F21D4102D800A3A322 /* Assets.xcassets in Resources */,
				569E28F01D4102D800A3A322 /* Main.storyboard in Resources */,
			);
			runOnlyForDeploymentPostprocessing = 0;
		};
/* End PBXResourcesBuildPhase section */

/* Begin PBXSourcesBuildPhase section */
		569E28E31D4102D800A3A322 /* Sources */ = {
			isa = PBXSourcesBuildPhase;
			buildActionMask = 2147483647;
			files = (
				569E29011D423A6700A3A322 /* CalculationTableViewCell.swift in Sources */,
				569E28ED1D4102D800A3A322 /* ViewController.swift in Sources */,
				569E28FD1D42155000A3A322 /* CalculationDetailTableViewController.swift in Sources */,
				569E28EB1D4102D800A3A322 /* AppDelegate.swift in Sources */,
				569E28FF1D421DDC00A3A322 /* Calculation.swift in Sources */,
				569E29031D4247A600A3A322 /* CalculationTableViewController.swift in Sources */,
			);
			runOnlyForDeploymentPostprocessing = 0;
		};
/* End PBXSourcesBuildPhase section */

/* Begin PBXVariantGroup section */
		569E28EE1D4102D800A3A322 /* Main.storyboard */ = {
			isa = PBXVariantGroup;
			children = (
				569E28EF1D4102D800A3A322 /* Base */,
			);
			name = Main.storyboard;
			sourceTree = "<group>";
		};
/* End PBXVariantGroup section */

/* Begin XCBuildConfiguration section */
		569E28F71D4102D800A3A322 /* Debug */ = {
			isa = XCBuildConfiguration;
			buildSettings = {
				ALWAYS_SEARCH_USER_PATHS = NO;
				CLANG_ANALYZER_NONNULL = YES;
				CLANG_CXX_LANGUAGE_STANDARD = "gnu++0x";
				CLANG_CXX_LIBRARY = "libc++";
				CLANG_ENABLE_MODULES = YES;
				CLANG_ENABLE_OBJC_ARC = YES;
				CLANG_WARN_BOOL_CONVERSION = YES;
				CLANG_WARN_CONSTANT_CONVERSION = YES;
				CLANG_WARN_DIRECT_OBJC_ISA_USAGE = YES_ERROR;
				CLANG_WARN_EMPTY_BODY = YES;
				CLANG_WARN_ENUM_CONVERSION = YES;
				CLANG_WARN_INT_CONVERSION = YES;
				CLANG_WARN_OBJC_ROOT_CLASS = YES_ERROR;
				CLANG_WARN_UNREACHABLE_CODE = YES;
				CLANG_WARN__DUPLICATE_METHOD_MATCH = YES;
				"CODE_SIGN_IDENTITY[sdk=iphoneos*]" = "iPhone Developer";
				COPY_PHASE_STRIP = NO;
				DEBUG_INFORMATION_FORMAT = dwarf;
				ENABLE_STRICT_OBJC_MSGSEND = YES;
				ENABLE_TESTABILITY = YES;
				GCC_C_LANGUAGE_STANDARD = gnu99;
				GCC_DYNAMIC_NO_PIC = NO;
				GCC_NO_COMMON_BLOCKS = YES;
				GCC_OPTIMIZATION_LEVEL = 0;
				GCC_PREPROCESSOR_DEFINITIONS = (
					"DEBUG=1",
					"$(inherited)",
				);
				GCC_WARN_64_TO_32_BIT_CONVERSION = YES;
				GCC_WARN_ABOUT_RETURN_TYPE = YES_ERROR;
				GCC_WARN_UNDECLARED_SELECTOR = YES;
				GCC_WARN_UNINITIALIZED_AUTOS = YES_AGGRESSIVE;
				GCC_WARN_UNUSED_FUNCTION = YES;
				GCC_WARN_UNUSED_VARIABLE = YES;
				IPHONEOS_DEPLOYMENT_TARGET = 9.3;
				MTL_ENABLE_DEBUG_INFO = YES;
				ONLY_ACTIVE_ARCH = YES;
				SDKROOT = iphoneos;
				SWIFT_OPTIMIZATION_LEVEL = "-Onone";
				TARGETED_DEVICE_FAMILY = 2;
			};
			name = Debug;
		};
		569E28F81D4102D800A3A322 /* Release */ = {
			isa = XCBuildConfiguration;
			buildSettings = {
				ALWAYS_SEARCH_USER_PATHS = NO;
				CLANG_ANALYZER_NONNULL = YES;
				CLANG_CXX_LANGUAGE_STANDARD = "gnu++0x";
				CLANG_CXX_LIBRARY = "libc++";
				CLANG_ENABLE_MODULES = YES;
				CLANG_ENABLE_OBJC_ARC = YES;
				CLANG_WARN_BOOL_CONVERSION = YES;
				CLANG_WARN_CONSTANT_CONVERSION = YES;
				CLANG_WARN_DIRECT_OBJC_ISA_USAGE = YES_ERROR;
				CLANG_WARN_EMPTY_BODY = YES;
				CLANG_WARN_ENUM_CONVERSION = YES;
				CLANG_WARN_INT_CONVERSION = YES;
				CLANG_WARN_OBJC_ROOT_CLASS = YES_ERROR;
				CLANG_WARN_UNREACHABLE_CODE = YES;
				CLANG_WARN__DUPLICATE_METHOD_MATCH = YES;
				"CODE_SIGN_IDENTITY[sdk=iphoneos*]" = "iPhone Developer";
				COPY_PHASE_STRIP = NO;
				DEBUG_INFORMATION_FORMAT = "dwarf-with-dsym";
				ENABLE_NS_ASSERTIONS = NO;
				ENABLE_STRICT_OBJC_MSGSEND = YES;
				GCC_C_LANGUAGE_STANDARD = gnu99;
				GCC_NO_COMMON_BLOCKS = YES;
				GCC_WARN_64_TO_32_BIT_CONVERSION = YES;
				GCC_WARN_ABOUT_RETURN_TYPE = YES_ERROR;
				GCC_WARN_UNDECLARED_SELECTOR = YES;
				GCC_WARN_UNINITIALIZED_AUTOS = YES_AGGRESSIVE;
				GCC_WARN_UNUSED_FUNCTION = YES;
				GCC_WARN_UNUSED_VARIABLE = YES;
				IPHONEOS_DEPLOYMENT_TARGET = 9.3;
				MTL_ENABLE_DEBUG_INFO = NO;
				SDKROOT = iphoneos;
				TARGETED_DEVICE_FAMILY = 2;
				VALIDATE_PRODUCT = YES;
			};
			name = Release;
		};
		569E28FA1D4102D800A3A322 /* Debug */ = {
			isa = XCBuildConfiguration;
			buildSettings = {
				ASSETCATALOG_COMPILER_APPICON_NAME = AppIcon;
				CODE_SIGN_IDENTITY = "iPhone Developer: JINGQIANG GUO (Z6SSB45XM6)";
				INFOPLIST_FILE = casacalc/Info.plist;
				IPHONEOS_DEPLOYMENT_TARGET = 8.0;
				LD_RUNPATH_SEARCH_PATHS = "$(inherited) @executable_path/Frameworks";
				PRODUCT_BUNDLE_IDENTIFIER = com.swiftcharles.casacalc;
				PRODUCT_NAME = "$(TARGET_NAME)";
				PROVISIONING_PROFILE = "1d81156b-cc41-4512-8634-681bd8992c0a";
				TARGETED_DEVICE_FAMILY = "1,2";
			};
			name = Debug;
		};
		569E28FB1D4102D800A3A322 /* Release */ = {
			isa = XCBuildConfiguration;
			buildSettings = {
				ASSETCATALOG_COMPILER_APPICON_NAME = AppIcon;
				CODE_SIGN_IDENTITY = "iPhone Distribution: JINGQIANG GUO (9H77SGX423)";
				INFOPLIST_FILE = casacalc/Info.plist;
				IPHONEOS_DEPLOYMENT_TARGET = 8.0;
				LD_RUNPATH_SEARCH_PATHS = "$(inherited) @executable_path/Frameworks";
				PRODUCT_BUNDLE_IDENTIFIER = com.swiftcharles.casacalc;
				PRODUCT_NAME = "$(TARGET_NAME)";
				PROVISIONING_PROFILE = "1d81156b-cc41-4512-8634-681bd8992c0a";
				TARGETED_DEVICE_FAMILY = "1,2";
			};
			name = Release;
		};
/* End XCBuildConfiguration section */

/* Begin XCConfigurationList section */
		569E28E21D4102D800A3A322 /* Build configuration list for PBXProject "casacalc" */ = {
			isa = XCConfigurationList;
			buildConfigurations = (
				569E28F71D4102D800A3A322 /* Debug */,
				569E28F81D4102D800A3A322 /* Release */,
			);
			defaultConfigurationIsVisible = 0;
			defaultConfigurationName = Release;
		};
		569E28F91D4102D800A3A322 /* Build configuration list for PBXNativeTarget "casacalc" */ = {
			isa = XCConfigurationList;
			buildConfigurations = (
				569E28FA1D4102D800A3A322 /* Debug */,
				569E28FB1D4102D800A3A322 /* Release */,
			);
			defaultConfigurationIsVisible = 0;
			defaultConfigurationName = Release;
		};
/* End XCConfigurationList section */
	};
	rootObject = 569E28DF1D4102D800A3A322 /* Project object */;
}
